{
    "_meta": {
        "hash": {
            "sha256": "e2f9c726a86bd09ab5690a2076a4508355711f73464046049ccee831e32ae3ca"
        },
        "pipfile-spec": 6,
        "requires": {
            "python_version": "3.7"
        },
        "sources": [
            {
                "name": "pypi",
                "url": "https://pypi.org/simple",
                "verify_ssl": true
            }
        ]
    },
    "default": {
        "bottle": {
            "hashes": [
                "sha256:39b751aee0b167be8dffb63ca81b735bbf1dd0905b3bc42761efedee8f123355"
            ],
            "index": "pypi",
            "version": "==0.12.13"
        },
        "pykakasi": {
            "hashes": [
                "sha256:069357ca1a9e93aa182e0ededafbcd4f5d002a01bd319cacb206347faf85bda1",
                "sha256:a543b4f64b3ff29837bbbcde899cfae43dde7eeee0eb8f8215016a90dcf924f1",
                "sha256:ab4dd65119adc5970639bbe1bf4c43885023bab4951363e8e8d99c25a9053898",
                "sha256:b20cce1feb14374cc10cec192930739bdea9e2848d451c7356661f0f5b73c283",
                "sha256:b80ef6ce14ac24503b2885c6e6a23549624f918a5ed333c5a0ae940835142d3e",
                "sha256:eab732fb0b5de62c08a8a1eaef5caa0bf26644d11ef4aaa7cbbc44d48be349ab"
            ],
            "index": "pypi",
            "version": "==0.93"
        },
        "semidbm": {
            "hashes": [
                "sha256:0dd74b5e9276eb5af186ace8b74165acec0c887e746bdae60340be91b99cffaf",
                "sha256:add3e644dd6afcce83d1752b34ff80fa4e2b37b4ce6bce3289ad19d6f0bcd6ae"
            ],
            "index": "pypi",
            "version": "==0.5.1"
        },
        "six": {
            "hashes": [
                "sha256:70e8a77beed4562e7f14fe23a786b54f6296e34344c23bc42f07b15018ff98e9",
                "sha256:832dc0e10feb1aa2c68dcc57dbb658f1c7e65b9b61af69048abc87a2db00a0eb"
            ],
            "index": "pypi",
            "version": "==1.11.0"
        }
    },
    "develop": {}
}
